
Microsoft Visual Studio Solution File, Format Version 12.00
# Visual Studio Version 16
VisualStudioVersion = 16.0.30128.74
MinimumVisualStudioVersion = 10.0.40219.1
Project("{FAE04EC0-301F-11D3-BF4B-00C04F79EFBC}") = "VP_1", "VP_1\VP_1.csproj", "{1333F8A3-88E5-4537-879B-C7391B7CAF0A}"
EndProject
Project("{FAE04EC0-301F-11D3-BF4B-00C04F79EFBC}") = "VP_2", "VP_2\VP_2.csproj", "{5693DA2B-6712-4B41-94BC-67CCE90A1106}"
EndProject
Project("{FAE04EC0-301F-11D3-BF4B-00C04F79EFBC}") = "VP_3", "VP_3\VP_3.csproj", "{D5174A53-80F0-4646-ACAF-3588960D413E}"
EndProject
Global
	GlobalSection(SolutionConfigurationPlatforms) = preSolution
		Debug|Any CPU = Debug|Any CPU
		Release|Any CPU = Release|Any CPU
	EndGlobalSection
	GlobalSection(ProjectConfigurationPlatforms) = postSolution
		{1333F8A3-88E5-4537-879B-C7391B7CAF0A}.Debug|Any CPU.ActiveCfg = Debug|Any CPU
		{1333F8A3-88E5-4537-879B-C7391B7CAF0A}.Debug|Any CPU.Build.0 = Debug|Any CPU
		{1333F8A3-88E5-4537-879B-C7391B7CAF0A}.Release|Any CPU.ActiveCfg = Release|Any CPU
		{1333F8A3-88E5-4537-879B-C7391B7CAF0A}.Release|Any CPU.Build.0 = Release|Any CPU
		{5693DA2B-6712-4B41-94BC-67CCE90A1106}.Debug|Any CPU.ActiveCfg = Debug|Any CPU
		{5693DA2B-6712-4B41-94BC-67CCE90A1106}.Debug|Any CPU.Build.0 = Debug|Any CPU
		{5693DA2B-6712-4B41-94BC-67CCE90A1106}.Release|Any CPU.ActiveCfg = Release|Any CPU
		{5693DA2B-6712-4B41-94BC-67CCE90A1106}.Release|Any CPU.Build.0 = Release|Any CPU
		{D5174A53-80F0-4646-ACAF-3588960D413E}.Debug|Any CPU.ActiveCfg = Debug|Any CPU
		{D5174A53-80F0-4646-ACAF-3588960D413E}.Debug|Any CPU.Build.0 = Debug|Any CPU
		{D5174A53-80F0-4646-ACAF-3588960D413E}.Release|Any CPU.ActiveCfg = Release|Any CPU
		{D5174A53-80F0-4646-ACAF-3588960D413E}.Release|Any CPU.Build.0 = Release|Any CPU
	EndGlobalSection
	GlobalSection(SolutionProperties) = preSolution
		HideSolutionNode = FALSE
	EndGlobalSection
	GlobalSection(ExtensibilityGlobals) = postSolution
		SolutionGuid = {DE3E33A3-EA40-42BD-9023-8C93E1A1D4D8}
	EndGlobalSection
EndGlobal
